// !$*UTF8*$!
{
	archiveVersion = 1;
	classes = {
	};
	objectVersion = 55;
	objects = {

/* Begin PBXBuildFile section */
		AB3E6736287BD1AE0009B388 /* HomeViewModel.swift in Sources */ = {isa = PBXBuildFile; fileRef = AB3E6735287BD1AE0009B388 /* HomeViewModel.swift */; };
		AB3E6739287C9F250009B388 /* CoinDataService.swift in Sources */ = {isa = PBXBuildFile; fileRef = AB3E6738287C9F250009B388 /* CoinDataService.swift */; };
		ABE3C162288B840F0066009A /* NetworkingManager.swift in Sources */ = {isa = PBXBuildFile; fileRef = ABE3C161288B840F0066009A /* NetworkingManager.swift */; };
		ABE82E15285D406600CAC1C4 /* CoinRowView.swift in Sources */ = {isa = PBXBuildFile; fileRef = ABE82E14285D406600CAC1C4 /* CoinRowView.swift */; };
		ABE82E17285D40C800CAC1C4 /* PreviewProvider.swift in Sources */ = {isa = PBXBuildFile; fileRef = ABE82E16285D40C800CAC1C4 /* PreviewProvider.swift */; };
		ABE82E19285D448700CAC1C4 /* Double.swift in Sources */ = {isa = PBXBuildFile; fileRef = ABE82E18285D448700CAC1C4 /* Double.swift */; };
		ABE9499D285D254300C9CDDE /* CryptoAppApp.swift in Sources */ = {isa = PBXBuildFile; fileRef = ABE9499C285D254300C9CDDE /* CryptoAppApp.swift */; };
		ABE9499F285D254300C9CDDE /* ColorDemoView.swift in Sources */ = {isa = PBXBuildFile; fileRef = ABE9499E285D254300C9CDDE /* ColorDemoView.swift */; };
		ABE949A4285D254700C9CDDE /* Preview Assets.xcassets in Resources */ = {isa = PBXBuildFile; fileRef = ABE949A3285D254700C9CDDE /* Preview Assets.xcassets */; };
		ABE949AB285D25F300C9CDDE /* Assets.xcassets in Resources */ = {isa = PBXBuildFile; fileRef = ABE949AA285D25F300C9CDDE /* Assets.xcassets */; };
		ABE949AE285D26FA00C9CDDE /* Color.swift in Sources */ = {isa = PBXBuildFile; fileRef = ABE949AD285D26FA00C9CDDE /* Color.swift */; };
		ABE949B4285D290F00C9CDDE /* HomeView.swift in Sources */ = {isa = PBXBuildFile; fileRef = ABE949B3285D290F00C9CDDE /* HomeView.swift */; };
		ABE949B8285D2AE000C9CDDE /* CircleButtonView.swift in Sources */ = {isa = PBXBuildFile; fileRef = ABE949B7285D2AE000C9CDDE /* CircleButtonView.swift */; };
		ABE949BA285D2D5A00C9CDDE /* CircleButtonAnimationView.swift in Sources */ = {isa = PBXBuildFile; fileRef = ABE949B9285D2D5A00C9CDDE /* CircleButtonAnimationView.swift */; };
		ABE949BD285D387D00C9CDDE /* CoinModel.swift in Sources */ = {isa = PBXBuildFile; fileRef = ABE949BC285D387D00C9CDDE /* CoinModel.swift */; };
/* End PBXBuildFile section */

/* Begin PBXFileReference section */
		AB3E6735287BD1AE0009B388 /* HomeViewModel.swift */ = {isa = PBXFileReference; lastKnownFileType = sourcecode.swift; path = HomeViewModel.swift; sourceTree = "<group>"; };
		AB3E6738287C9F250009B388 /* CoinDataService.swift */ = {isa = PBXFileReference; lastKnownFileType = sourcecode.swift; path = CoinDataService.swift; sourceTree = "<group>"; };
		ABE3C161288B840F0066009A /* NetworkingManager.swift */ = {isa = PBXFileReference; lastKnownFileType = sourcecode.swift; path = NetworkingManager.swift; sourceTree = "<group>"; };
		ABE82E14285D406600CAC1C4 /* CoinRowView.swift */ = {isa = PBXFileReference; lastKnownFileType = sourcecode.swift; path = CoinRowView.swift; sourceTree = "<group>"; };
		ABE82E16285D40C800CAC1C4 /* PreviewProvider.swift */ = {isa = PBXFileReference; lastKnownFileType = sourcecode.swift; path = PreviewProvider.swift; sourceTree = "<group>"; };
		ABE82E18285D448700CAC1C4 /* Double.swift */ = {isa = PBXFileReference; lastKnownFileType = sourcecode.swift; path = Double.swift; sourceTree = "<group>"; };
		ABE94999285D254300C9CDDE /* CryptoApp.app */ = {isa = PBXFileReference; explicitFileType = wrapper.application; includeInIndex = 0; path = CryptoApp.app; sourceTree = BUILT_PRODUCTS_DIR; };
		ABE9499C285D254300C9CDDE /* CryptoAppApp.swift */ = {isa = PBXFileReference; lastKnownFileType = sourcecode.swift; path = CryptoAppApp.swift; sourceTree = "<group>"; };
		ABE9499E285D254300C9CDDE /* ColorDemoView.swift */ = {isa = PBXFileReference; lastKnownFileType = sourcecode.swift; path = ColorDemoView.swift; sourceTree = "<group>"; };
		ABE949A3285D254700C9CDDE /* Preview Assets.xcassets */ = {isa = PBXFileReference; lastKnownFileType = folder.assetcatalog; path = "Preview Assets.xcassets"; sourceTree = "<group>"; };
		ABE949AA285D25F300C9CDDE /* Assets.xcassets */ = {isa = PBXFileReference; lastKnownFileType = folder.assetcatalog; name = Assets.xcassets; path = ../../../../Downloads/Resources/Assets.xcassets; sourceTree = "<group>"; };
		ABE949AD285D26FA00C9CDDE /* Color.swift */ = {isa = PBXFileReference; lastKnownFileType = sourcecode.swift; path = Color.swift; sourceTree = "<group>"; };
		ABE949B3285D290F00C9CDDE /* HomeView.swift */ = {isa = PBXFileReference; lastKnownFileType = sourcecode.swift; path = HomeView.swift; sourceTree = "<group>"; };
		ABE949B7285D2AE000C9CDDE /* CircleButtonView.swift */ = {isa = PBXFileReference; lastKnownFileType = sourcecode.swift; path = CircleButtonView.swift; sourceTree = "<group>"; };
		ABE949B9285D2D5A00C9CDDE /* CircleButtonAnimationView.swift */ = {isa = PBXFileReference; lastKnownFileType = sourcecode.swift; path = CircleButtonAnimationView.swift; sourceTree = "<group>"; };
		ABE949BC285D387D00C9CDDE /* CoinModel.swift */ = {isa = PBXFileReference; lastKnownFileType = sourcecode.swift; path = CoinModel.swift; sourceTree = "<group>"; };
/* End PBXFileReference section */

/* Begin PBXFrameworksBuildPhase section */
		ABE94996285D254300C9CDDE /* Frameworks */ = {
			isa = PBXFrameworksBuildPhase;
			buildActionMask = 2147483647;
			files = (
			);
			runOnlyForDeploymentPostprocessing = 0;
		};
/* End PBXFrameworksBuildPhase section */

/* Begin PBXGroup section */
		AB3E6737287C9F080009B388 /* Services */ = {
			isa = PBXGroup;
			children = (
				AB3E6738287C9F250009B388 /* CoinDataService.swift */,
			);
			path = Services;
			sourceTree = "<group>";
		};
		ABE3C160288B83EE0066009A /* Utilities */ = {
			isa = PBXGroup;
			children = (
				ABE3C161288B840F0066009A /* NetworkingManager.swift */,
			);
			path = Utilities;
			sourceTree = "<group>";
		};
		ABE94990285D254300C9CDDE = {
			isa = PBXGroup;
			children = (
				ABE9499B285D254300C9CDDE /* CryptoApp */,
				ABE9499A285D254300C9CDDE /* Products */,
			);
			sourceTree = "<group>";
		};
		ABE9499A285D254300C9CDDE /* Products */ = {
			isa = PBXGroup;
			children = (
				ABE94999285D254300C9CDDE /* CryptoApp.app */,
			);
			name = Products;
			sourceTree = "<group>";
		};
		ABE9499B285D254300C9CDDE /* CryptoApp */ = {
			isa = PBXGroup;
			children = (
				ABE9499C285D254300C9CDDE /* CryptoAppApp.swift */,
				ABE3C160288B83EE0066009A /* Utilities */,
				AB3E6737287C9F080009B388 /* Services */,
				ABE949BB285D386B00C9CDDE /* Models */,
				ABE949AF285D28ED00C9CDDE /* Core */,
				ABE949AC285D26E900C9CDDE /* Extensions */,
				ABE9499E285D254300C9CDDE /* ColorDemoView.swift */,
				ABE949AA285D25F300C9CDDE /* Assets.xcassets */,
				ABE949A2285D254700C9CDDE /* Preview Content */,
			);
			path = CryptoApp;
			sourceTree = "<group>";
		};
		ABE949A2285D254700C9CDDE /* Preview Content */ = {
			isa = PBXGroup;
			children = (
				ABE949A3285D254700C9CDDE /* Preview Assets.xcassets */,
			);
			path = "Preview Content";
			sourceTree = "<group>";
		};
		ABE949AC285D26E900C9CDDE /* Extensions */ = {
			isa = PBXGroup;
			children = (
				ABE949AD285D26FA00C9CDDE /* Color.swift */,
				ABE82E16285D40C800CAC1C4 /* PreviewProvider.swift */,
				ABE82E18285D448700CAC1C4 /* Double.swift */,
			);
			path = Extensions;
			sourceTree = "<group>";
		};
		ABE949AF285D28ED00C9CDDE /* Core */ = {
			isa = PBXGroup;
			children = (
				ABE949B0285D28F200C9CDDE /* Home */,
				ABE949B5285D2ACB00C9CDDE /* Components */,
			);
			path = Core;
			sourceTree = "<group>";
		};
		ABE949B0285D28F200C9CDDE /* Home */ = {
			isa = PBXGroup;
			children = (
				ABE949B2285D28FC00C9CDDE /* ViewModels */,
				ABE949B1285D28F700C9CDDE /* Views */,
			);
			path = Home;
			sourceTree = "<group>";
		};
		ABE949B1285D28F700C9CDDE /* Views */ = {
			isa = PBXGroup;
			children = (
				ABE82E14285D406600CAC1C4 /* CoinRowView.swift */,
				ABE949B3285D290F00C9CDDE /* HomeView.swift */,
			);
			path = Views;
			sourceTree = "<group>";
		};
		ABE949B2285D28FC00C9CDDE /* ViewModels */ = {
			isa = PBXGroup;
			children = (
				AB3E6735287BD1AE0009B388 /* HomeViewModel.swift */,
			);
			path = ViewModels;
			sourceTree = "<group>";
		};
		ABE949B5285D2ACB00C9CDDE /* Components */ = {
			isa = PBXGroup;
			children = (
				ABE949B6285D2AD100C9CDDE /* CircleButton */,
			);
			path = Components;
			sourceTree = "<group>";
		};
		ABE949B6285D2AD100C9CDDE /* CircleButton */ = {
			isa = PBXGroup;
			children = (
				ABE949B7285D2AE000C9CDDE /* CircleButtonView.swift */,
				ABE949B9285D2D5A00C9CDDE /* CircleButtonAnimationView.swift */,
			);
			path = CircleButton;
			sourceTree = "<group>";
		};
		ABE949BB285D386B00C9CDDE /* Models */ = {
			isa = PBXGroup;
			children = (
				ABE949BC285D387D00C9CDDE /* CoinModel.swift */,
			);
			path = Models;
			sourceTree = "<group>";
		};
/* End PBXGroup section */

/* Begin PBXNativeTarget section */
		ABE94998285D254300C9CDDE /* CryptoApp */ = {
			isa = PBXNativeTarget;
			buildConfigurationList = ABE949A7285D254700C9CDDE /* Build configuration list for PBXNativeTarget "CryptoApp" */;
			buildPhases = (
				ABE94995285D254300C9CDDE /* Sources */,
				ABE94996285D254300C9CDDE /* Frameworks */,
				ABE94997285D254300C9CDDE /* Resources */,
			);
			buildRules = (
			);
			dependencies = (
			);
			name = CryptoApp;
			productName = CryptoApp;
			productReference = ABE94999285D254300C9CDDE /* CryptoApp.app */;
			productType = "com.apple.product-type.application";
		};
/* End PBXNativeTarget section */

/* Begin PBXProject section */
		ABE94991285D254300C9CDDE /* Project object */ = {
			isa = PBXProject;
			attributes = {
				BuildIndependentTargetsInParallel = 1;
				LastSwiftUpdateCheck = 1340;
				LastUpgradeCheck = 1340;
				TargetAttributes = {
					ABE94998285D254300C9CDDE = {
						CreatedOnToolsVersion = 13.4.1;
					};
				};
			};
			buildConfigurationList = ABE94994285D254300C9CDDE /* Build configuration list for PBXProject "CryptoApp" */;
			compatibilityVersion = "Xcode 13.0";
			developmentRegion = en;
			hasScannedForEncodings = 0;
			knownRegions = (
				en,
				Base,
			);
			mainGroup = ABE94990285D254300C9CDDE;
			productRefGroup = ABE9499A285D254300C9CDDE /* Products */;
			projectDirPath = "";
			projectRoot = "";
			targets = (
				ABE94998285D254300C9CDDE /* CryptoApp */,
			);
		};
/* End PBXProject section */

/* Begin PBXResourcesBuildPhase section */
		ABE94997285D254300C9CDDE /* Resources */ = {
			isa = PBXResourcesBuildPhase;
			buildActionMask = 2147483647;
			files = (
				ABE949A4285D254700C9CDDE /* Preview Assets.xcassets in Resources */,
				ABE949AB285D25F300C9CDDE /* Assets.xcassets in Resources */,
			);
			runOnlyForDeploymentPostprocessing = 0;
		};
/* End PBXResourcesBuildPhase section */

/* Begin PBXSourcesBuildPhase section */
		ABE94995285D254300C9CDDE /* Sources */ = {
			isa = PBXSourcesBuildPhase;
			buildActionMask = 2147483647;
			files = (
				AB3E6739287C9F250009B388 /* CoinDataService.swift in Sources */,
				ABE9499F285D254300C9CDDE /* ColorDemoView.swift in Sources */,
				AB3E6736287BD1AE0009B388 /* HomeViewModel.swift in Sources */,
				ABE82E15285D406600CAC1C4 /* CoinRowView.swift in Sources */,
				ABE949B4285D290F00C9CDDE /* HomeView.swift in Sources */,
				ABE9499D285D254300C9CDDE /* CryptoAppApp.swift in Sources */,
				ABE949B8285D2AE000C9CDDE /* CircleButtonView.swift in Sources */,
				ABE949AE285D26FA00C9CDDE /* Color.swift in Sources */,
				ABE3C162288B840F0066009A /* NetworkingManager.swift in Sources */,
				ABE949BA285D2D5A00C9CDDE /* CircleButtonAnimationView.swift in Sources */,
				ABE82E17285D40C800CAC1C4 /* PreviewProvider.swift in Sources */,
				ABE82E19285D448700CAC1C4 /* Double.swift in Sources */,
				ABE949BD285D387D00C9CDDE /* CoinModel.swift in Sources */,
			);
			runOnlyForDeploymentPostprocessing = 0;
		};
/* End PBXSourcesBuildPhase section */

/* Begin XCBuildConfiguration section */
		ABE949A5285D254700C9CDDE /* Debug */ = {
			isa = XCBuildConfiguration;
			buildSettings = {
				ALWAYS_SEARCH_USER_PATHS = NO;
				CLANG_ANALYZER_NONNULL = YES;
				CLANG_ANALYZER_NUMBER_OBJECT_CONVERSION = YES_AGGRESSIVE;
				CLANG_CXX_LANGUAGE_STANDARD = "gnu++17";
				CLANG_ENABLE_MODULES = YES;
				CLANG_ENABLE_OBJC_ARC = YES;
				CLANG_ENABLE_OBJC_WEAK = YES;
				CLANG_WARN_BLOCK_CAPTURE_AUTORELEASING = YES;
				CLANG_WARN_BOOL_CONVERSION = YES;
				CLANG_WARN_COMMA = YES;
				CLANG_WARN_CONSTANT_CONVERSION = YES;
				CLANG_WARN_DEPRECATED_OBJC_IMPLEMENTATIONS = YES;
				CLANG_WARN_DIRECT_OBJC_ISA_USAGE = YES_ERROR;
				CLANG_WARN_DOCUMENTATION_COMMENTS = YES;
				CLANG_WARN_EMPTY_BODY = YES;
				CLANG_WARN_ENUM_CONVERSION = YES;
				CLANG_WARN_INFINITE_RECURSION = YES;
				CLANG_WARN_INT_CONVERSION = YES;
				CLANG_WARN_NON_LITERAL_NULL_CONVERSION = YES;
				CLANG_WARN_OBJC_IMPLICIT_RETAIN_SELF = YES;
				CLANG_WARN_OBJC_LITERAL_CONVERSION = YES;
				CLANG_WARN_OBJC_ROOT_CLASS = YES_ERROR;
				CLANG_WARN_QUOTED_INCLUDE_IN_FRAMEWORK_HEADER = YES;
				CLANG_WARN_RANGE_LOOP_ANALYSIS = YES;
				CLANG_WARN_STRICT_PROTOTYPES = YES;
				CLANG_WARN_SUSPICIOUS_MOVE = YES;
				CLANG_WARN_UNGUARDED_AVAILABILITY = YES_AGGRESSIVE;
				CLANG_WARN_UNREACHABLE_CODE = YES;
				CLANG_WARN__DUPLICATE_METHOD_MATCH = YES;
				COPY_PHASE_STRIP = NO;
				DEBUG_INFORMATION_FORMAT = dwarf;
				ENABLE_STRICT_OBJC_MSGSEND = YES;
				ENABLE_TESTABILITY = YES;
				GCC_C_LANGUAGE_STANDARD = gnu11;
				GCC_DYNAMIC_NO_PIC = NO;
				GCC_NO_COMMON_BLOCKS = YES;
				GCC_OPTIMIZATION_LEVEL = 0;
				GCC_PREPROCESSOR_DEFINITIONS = (
					"DEBUG=1",
					"$(inherited)",
				);
				GCC_WARN_64_TO_32_BIT_CONVERSION = YES;
				GCC_WARN_ABOUT_RETURN_TYPE = YES_ERROR;
				GCC_WARN_UNDECLARED_SELECTOR = YES;
				GCC_WARN_UNINITIALIZED_AUTOS = YES_AGGRESSIVE;
				GCC_WARN_UNUSED_FUNCTION = YES;
				GCC_WARN_UNUSED_VARIABLE = YES;
				IPHONEOS_DEPLOYMENT_TARGET = 15.5;
				MTL_ENABLE_DEBUG_INFO = INCLUDE_SOURCE;
				MTL_FAST_MATH = YES;
				ONLY_ACTIVE_ARCH = YES;
				SDKROOT = iphoneos;
				SWIFT_ACTIVE_COMPILATION_CONDITIONS = DEBUG;
				SWIFT_OPTIMIZATION_LEVEL = "-Onone";
			};
			name = Debug;
		};
		ABE949A6285D254700C9CDDE /* Release */ = {
			isa = XCBuildConfiguration;
			buildSettings = {
				ALWAYS_SEARCH_USER_PATHS = NO;
				CLANG_ANALYZER_NONNULL = YES;
				CLANG_ANALYZER_NUMBER_OBJECT_CONVERSION = YES_AGGRESSIVE;
				CLANG_CXX_LANGUAGE_STANDARD = "gnu++17";
				CLANG_ENABLE_MODULES = YES;
				CLANG_ENABLE_OBJC_ARC = YES;
				CLANG_ENABLE_OBJC_WEAK = YES;
				CLANG_WARN_BLOCK_CAPTURE_AUTORELEASING = YES;
				CLANG_WARN_BOOL_CONVERSION = YES;
				CLANG_WARN_COMMA = YES;
				CLANG_WARN_CONSTANT_CONVERSION = YES;
				CLANG_WARN_DEPRECATED_OBJC_IMPLEMENTATIONS = YES;
				CLANG_WARN_DIRECT_OBJC_ISA_USAGE = YES_ERROR;
				CLANG_WARN_DOCUMENTATION_COMMENTS = YES;
				CLANG_WARN_EMPTY_BODY = YES;
				CLANG_WARN_ENUM_CONVERSION = YES;
				CLANG_WARN_INFINITE_RECURSION = YES;
				CLANG_WARN_INT_CONVERSION = YES;
				CLANG_WARN_NON_LITERAL_NULL_CONVERSION = YES;
				CLANG_WARN_OBJC_IMPLICIT_RETAIN_SELF = YES;
				CLANG_WARN_OBJC_LITERAL_CONVERSION = YES;
				CLANG_WARN_OBJC_ROOT_CLASS = YES_ERROR;
				CLANG_WARN_QUOTED_INCLUDE_IN_FRAMEWORK_HEADER = YES;
				CLANG_WARN_RANGE_LOOP_ANALYSIS = YES;
				CLANG_WARN_STRICT_PROTOTYPES = YES;
				CLANG_WARN_SUSPICIOUS_MOVE = YES;
				CLANG_WARN_UNGUARDED_AVAILABILITY = YES_AGGRESSIVE;
				CLANG_WARN_UNREACHABLE_CODE = YES;
				CLANG_WARN__DUPLICATE_METHOD_MATCH = YES;
				COPY_PHASE_STRIP = NO;
				DEBUG_INFORMATION_FORMAT = "dwarf-with-dsym";
				ENABLE_NS_ASSERTIONS = NO;
				ENABLE_STRICT_OBJC_MSGSEND = YES;
				GCC_C_LANGUAGE_STANDARD = gnu11;
				GCC_NO_COMMON_BLOCKS = YES;
				GCC_WARN_64_TO_32_BIT_CONVERSION = YES;
				GCC_WARN_ABOUT_RETURN_TYPE = YES_ERROR;
				GCC_WARN_UNDECLARED_SELECTOR = YES;
				GCC_WARN_UNINITIALIZED_AUTOS = YES_AGGRESSIVE;
				GCC_WARN_UNUSED_FUNCTION = YES;
				GCC_WARN_UNUSED_VARIABLE = YES;
				IPHONEOS_DEPLOYMENT_TARGET = 15.5;
				MTL_ENABLE_DEBUG_INFO = NO;
				MTL_FAST_MATH = YES;
				SDKROOT = iphoneos;
				SWIFT_COMPILATION_MODE = wholemodule;
				SWIFT_OPTIMIZATION_LEVEL = "-O";
				VALIDATE_PRODUCT = YES;
			};
			name = Release;
		};
		ABE949A8285D254700C9CDDE /* Debug */ = {
			isa = XCBuildConfiguration;
			buildSettings = {
				ASSETCATALOG_COMPILER_APPICON_NAME = AppIcon;
				ASSETCATALOG_COMPILER_GLOBAL_ACCENT_COLOR_NAME = AccentColor;
				CODE_SIGN_STYLE = Automatic;
				CURRENT_PROJECT_VERSION = 1;
				DEVELOPMENT_ASSET_PATHS = "\"CryptoApp/Preview Content\"";
				DEVELOPMENT_TEAM = TFC8WMVJ84;
				ENABLE_PREVIEWS = YES;
				GENERATE_INFOPLIST_FILE = YES;
				INFOPLIST_KEY_UIApplicationSceneManifest_Generation = YES;
				INFOPLIST_KEY_UIApplicationSupportsIndirectInputEvents = YES;
				INFOPLIST_KEY_UILaunchScreen_Generation = YES;
				INFOPLIST_KEY_UISupportedInterfaceOrientations = "UIInterfaceOrientationPortrait UIInterfaceOrientationPortraitUpsideDown";
				INFOPLIST_KEY_UISupportedInterfaceOrientations_iPad = "UIInterfaceOrientationPortrait UIInterfaceOrientationPortraitUpsideDown UIInterfaceOrientationLandscapeLeft UIInterfaceOrientationLandscapeRight";
				INFOPLIST_KEY_UISupportedInterfaceOrientations_iPhone = "UIInterfaceOrientationPortrait UIInterfaceOrientationLandscapeLeft UIInterfaceOrientationLandscapeRight";
				LD_RUNPATH_SEARCH_PATHS = (
					"$(inherited)",
					"@executable_path/Frameworks",
				);
				MARKETING_VERSION = 1.0;
				PRODUCT_BUNDLE_IDENTIFIER = com.MarshallARoss.CryptoApp;
				PRODUCT_NAME = "$(TARGET_NAME)";
				SWIFT_EMIT_LOC_STRINGS = YES;
				SWIFT_VERSION = 5.0;
				TARGETED_DEVICE_FAMILY = "1,2";
			};
			name = Debug;
		};
		ABE949A9285D254700C9CDDE /* Release */ = {
			isa = XCBuildConfiguration;
			buildSettings = {
				ASSETCATALOG_COMPILER_APPICON_NAME = AppIcon;
				ASSETCATALOG_COMPILER_GLOBAL_ACCENT_COLOR_NAME = AccentColor;
				CODE_SIGN_STYLE = Automatic;
				CURRENT_PROJECT_VERSION = 1;
				DEVELOPMENT_ASSET_PATHS = "\"CryptoApp/Preview Content\"";
				DEVELOPMENT_TEAM = TFC8WMVJ84;
				ENABLE_PREVIEWS = YES;
				GENERATE_INFOPLIST_FILE = YES;
				INFOPLIST_KEY_UIApplicationSceneManifest_Generation = YES;
				INFOPLIST_KEY_UIApplicationSupportsIndirectInputEvents = YES;
				INFOPLIST_KEY_UILaunchScreen_Generation = YES;
				INFOPLIST_KEY_UISupportedInterfaceOrientations = "UIInterfaceOrientationPortrait UIInterfaceOrientationPortraitUpsideDown";
				INFOPLIST_KEY_UISupportedInterfaceOrientations_iPad = "UIInterfaceOrientationPortrait UIInterfaceOrientationPortraitUpsideDown UIInterfaceOrientationLandscapeLeft UIInterfaceOrientationLandscapeRight";
				INFOPLIST_KEY_UISupportedInterfaceOrientations_iPhone = "UIInterfaceOrientationPortrait UIInterfaceOrientationLandscapeLeft UIInterfaceOrientationLandscapeRight";
				LD_RUNPATH_SEARCH_PATHS = (
					"$(inherited)",
					"@executable_path/Frameworks",
				);
				MARKETING_VERSION = 1.0;
				PRODUCT_BUNDLE_IDENTIFIER = com.MarshallARoss.CryptoApp;
				PRODUCT_NAME = "$(TARGET_NAME)";
				SWIFT_EMIT_LOC_STRINGS = YES;
				SWIFT_VERSION = 5.0;
				TARGETED_DEVICE_FAMILY = "1,2";
			};
			name = Release;
		};
/* End XCBuildConfiguration section */

/* Begin XCConfigurationList section */
		ABE94994285D254300C9CDDE /* Build configuration list for PBXProject "CryptoApp" */ = {
			isa = XCConfigurationList;
			buildConfigurations = (
				ABE949A5285D254700C9CDDE /* Debug */,
				ABE949A6285D254700C9CDDE /* Release */,
			);
			defaultConfigurationIsVisible = 0;
			defaultConfigurationName = Release;
		};
		ABE949A7285D254700C9CDDE /* Build configuration list for PBXNativeTarget "CryptoApp" */ = {
			isa = XCConfigurationList;
			buildConfigurations = (
				ABE949A8285D254700C9CDDE /* Debug */,
				ABE949A9285D254700C9CDDE /* Release */,
			);
			defaultConfigurationIsVisible = 0;
			defaultConfigurationName = Release;
		};
/* End XCConfigurationList section */
	};
	rootObject = ABE94991285D254300C9CDDE /* Project object */;
}
